
Microsoft Visual Studio Solution File, Format Version 12.00
# Visual Studio Version 16
VisualStudioVersion = 16.0.31911.196
MinimumVisualStudioVersion = 10.0.40219.1
Project("{FAE04EC0-301F-11D3-BF4B-00C04F79EFBC}") = "EFCoreWebApp", "EFCoreWebApp\EFCoreWebApp.csproj", "{C9A28827-5AD8-4886-9A7F-F5D07C2CBF0E}"
EndProject
Global
	GlobalSection(SolutionConfigurationPlatforms) = preSolution
		Debug|Any CPU = Debug|Any CPU
		Release|Any CPU = Release|Any CPU
	EndGlobalSection
	GlobalSection(ProjectConfigurationPlatforms) = postSolution
		{C9A28827-5AD8-4886-9A7F-F5D07C2CBF0E}.Debug|Any CPU.ActiveCfg = Debug|Any CPU
		{C9A28827-5AD8-4886-9A7F-F5D07C2CBF0E}.Debug|Any CPU.Build.0 = Debug|Any CPU
		{C9A28827-5AD8-4886-9A7F-F5D07C2CBF0E}.Release|Any CPU.ActiveCfg = Release|Any CPU
		{C9A28827-5AD8-4886-9A7F-F5D07C2CBF0E}.Release|Any CPU.Build.0 = Release|Any CPU
	EndGlobalSection
	GlobalSection(SolutionProperties) = preSolution
		HideSolutionNode = FALSE
	EndGlobalSection
	GlobalSection(ExtensibilityGlobals) = postSolution
		SolutionGuid = {682DD5A4-30DA-4B01-94BF-B24C636803B7}
	EndGlobalSection
EndGlobal
